// !$*UTF8*$!
{
	archiveVersion = 1;
	classes = {
	};
	objectVersion = 46;
	objects = {

/* Begin PBXBuildFile section */
		303C1E2D6AC82972A7D5FC4C /* libPods-AnQuanBaoV2.a in Frameworks */ = {isa = PBXBuildFile; fileRef = BD0481FDB12C9380AA30A45F /* libPods-AnQuanBaoV2.a */; };
		85DA3C9627FFB3284BEC06DC /* libPods-AnQuanBaoV2UITests.a in Frameworks */ = {isa = PBXBuildFile; fileRef = 805BA8C29DED0A659E302C00 /* libPods-AnQuanBaoV2UITests.a */; };
		941BB11C1F05DADC00F19A3E /* main.m in Sources */ = {isa = PBXBuildFile; fileRef = 941BB11B1F05DADC00F19A3E /* main.m */; };
		941BB11F1F05DADC00F19A3E /* AppDelegate.mm in Sources */ = {isa = PBXBuildFile; fileRef = 941BB11E1F05DADC00F19A3E /* AppDelegate.mm */; };
		941BB1221F05DADC00F19A3E /* ViewController.m in Sources */ = {isa = PBXBuildFile; fileRef = 941BB1211F05DADC00F19A3E /* ViewController.m */; };
		941BB1251F05DADC00F19A3E /* Main.storyboard in Resources */ = {isa = PBXBuildFile; fileRef = 941BB1231F05DADC00F19A3E /* Main.storyboard */; };
		941BB1271F05DADC00F19A3E /* Assets.xcassets in Resources */ = {isa = PBXBuildFile; fileRef = 941BB1261F05DADC00F19A3E /* Assets.xcassets */; };
		941BB12A1F05DADC00F19A3E /* LaunchScreen.storyboard in Resources */ = {isa = PBXBuildFile; fileRef = 941BB1281F05DADC00F19A3E /* LaunchScreen.storyboard */; };
		941BB1351F05DADC00F19A3E /* AnQuanBaoV2Tests.m in Sources */ = {isa = PBXBuildFile; fileRef = 941BB1341F05DADC00F19A3E /* AnQuanBaoV2Tests.m */; };
		941BB1401F05DADC00F19A3E /* AnQuanBaoV2UITests.m in Sources */ = {isa = PBXBuildFile; fileRef = 941BB13F1F05DADC00F19A3E /* AnQuanBaoV2UITests.m */; };
		941BB14F1F05DB9B00F19A3E /* libcrypto.a in Frameworks */ = {isa = PBXBuildFile; fileRef = 941BB14D1F05DB9B00F19A3E /* libcrypto.a */; };
		941BB1501F05DB9B00F19A3E /* libssl.a in Frameworks */ = {isa = PBXBuildFile; fileRef = 941BB14E1F05DB9B00F19A3E /* libssl.a */; };
		941BB1521F05DC3500F19A3E /* mapapi.bundle in Resources */ = {isa = PBXBuildFile; fileRef = 941BB1511F05DC3500F19A3E /* mapapi.bundle */; };
		941BB1551F05DE2A00F19A3E /* CallPoliceView.xib in Resources */ = {isa = PBXBuildFile; fileRef = 941BB1541F05DE2A00F19A3E /* CallPoliceView.xib */; };
		941BB1581F05DE4300F19A3E /* CallPoliceView.m in Sources */ = {isa = PBXBuildFile; fileRef = 941BB1571F05DE4300F19A3E /* CallPoliceView.m */; };
		941BB15B1F0639C700F19A3E /* in.png in Resources */ = {isa = PBXBuildFile; fileRef = 941BB1591F0639C700F19A3E /* in.png */; };
		941BB15C1F0639C700F19A3E /* out.png in Resources */ = {isa = PBXBuildFile; fileRef = 941BB15A1F0639C700F19A3E /* out.png */; };
		941BB15E1F063E4700F19A3E /* image.png in Resources */ = {isa = PBXBuildFile; fileRef = 941BB15D1F063E4700F19A3E /* image.png */; };
		944BE9831F09CEF300873FE4 /* CompleteView.xib in Resources */ = {isa = PBXBuildFile; fileRef = 944BE9821F09CEF300873FE4 /* CompleteView.xib */; };
		944BE9861F09CF0E00873FE4 /* CompleteView.m in Sources */ = {isa = PBXBuildFile; fileRef = 944BE9851F09CF0E00873FE4 /* CompleteView.m */; };
		944BE9881F09D1F900873FE4 /* complete.png in Resources */ = {isa = PBXBuildFile; fileRef = 944BE9871F09D1F900873FE4 /* complete.png */; };
		948700F01F0A008700AF050C /* annotation.png in Resources */ = {isa = PBXBuildFile; fileRef = 948700EF1F0A008700AF050C /* annotation.png */; };
		948700F21F0A389F00AF050C /* user1.png in Resources */ = {isa = PBXBuildFile; fileRef = 948700F11F0A389F00AF050C /* user1.png */; };
		948700F81F0A50AB00AF050C /* MyViewController.m in Sources */ = {isa = PBXBuildFile; fileRef = 948700F61F0A50AB00AF050C /* MyViewController.m */; };
		948700F91F0A50AB00AF050C /* MyViewController.xib in Resources */ = {isa = PBXBuildFile; fileRef = 948700F71F0A50AB00AF050C /* MyViewController.xib */; };
		948700FC1F0A56C400AF050C /* backbtn.png in Resources */ = {isa = PBXBuildFile; fileRef = 948700FA1F0A56C400AF050C /* backbtn.png */; };
		948700FD1F0A56C400AF050C /* redbtn.png in Resources */ = {isa = PBXBuildFile; fileRef = 948700FB1F0A56C400AF050C /* redbtn.png */; };
		948701011F0A693A00AF050C /* LoginViewController.m in Sources */ = {isa = PBXBuildFile; fileRef = 948700FF1F0A693A00AF050C /* LoginViewController.m */; };
		948701021F0A693A00AF050C /* LoginViewController.xib in Resources */ = {isa = PBXBuildFile; fileRef = 948701001F0A693A00AF050C /* LoginViewController.xib */; };
		948701061F0A717B00AF050C /* btngray.png in Resources */ = {isa = PBXBuildFile; fileRef = 948701031F0A717B00AF050C /* btngray.png */; };
		948701071F0A717B00AF050C /* icon1.png in Resources */ = {isa = PBXBuildFile; fileRef = 948701041F0A717B00AF050C /* icon1.png */; };
		948701081F0A717B00AF050C /* line.png in Resources */ = {isa = PBXBuildFile; fileRef = 948701051F0A717B00AF050C /* line.png */; };
		949970941F0B19780060E69A /* btnorange.png in Resources */ = {isa = PBXBuildFile; fileRef = 949970931F0B19780060E69A /* btnorange.png */; };
		949970961F0B31D90060E69A /* toast.png in Resources */ = {isa = PBXBuildFile; fileRef = 949970951F0B31D90060E69A /* toast.png */; };
		9499709A1F0B37FF0060E69A /* VCodeViewController.m in Sources */ = {isa = PBXBuildFile; fileRef = 949970981F0B37FF0060E69A /* VCodeViewController.m */; };
		9499709B1F0B37FF0060E69A /* VCodeViewController.xib in Resources */ = {isa = PBXBuildFile; fileRef = 949970991F0B37FF0060E69A /* VCodeViewController.xib */; };
		949970DC1F0B72B30060E69A /* ArrangePoliceView.xib in Resources */ = {isa = PBXBuildFile; fileRef = 949970DB1F0B72B30060E69A /* ArrangePoliceView.xib */; };
		949970DF1F0B72C40060E69A /* ArrangePoliceView.m in Sources */ = {isa = PBXBuildFile; fileRef = 949970DE1F0B72C40060E69A /* ArrangePoliceView.m */; };
		949970E11F0B7E920060E69A /* FailedPoliceView.xib in Resources */ = {isa = PBXBuildFile; fileRef = 949970E01F0B7E920060E69A /* FailedPoliceView.xib */; };
		949970E41F0B7EB10060E69A /* FailedPoliceView.m in Sources */ = {isa = PBXBuildFile; fileRef = 949970E31F0B7EB10060E69A /* FailedPoliceView.m */; };
		949970E61F0B7FD80060E69A /* fail.png in Resources */ = {isa = PBXBuildFile; fileRef = 949970E51F0B7FD80060E69A /* fail.png */; };
		FC46D1FE7CDF097E217124C7 /* libPods-AnQuanBaoV2Tests.a in Frameworks */ = {isa = PBXBuildFile; fileRef = D9CD2B89D474C8370FC7A749 /* libPods-AnQuanBaoV2Tests.a */; };
/* End PBXBuildFile section */

/* Begin PBXContainerItemProxy section */
		941BB1311F05DADC00F19A3E /* PBXContainerItemProxy */ = {
			isa = PBXContainerItemProxy;
			containerPortal = 941BB10F1F05DADC00F19A3E /* Project object */;
			proxyType = 1;
			remoteGlobalIDString = 941BB1161F05DADC00F19A3E;
			remoteInfo = AnQuanBaoV2;
		};
		941BB13C1F05DADC00F19A3E /* PBXContainerItemProxy */ = {
			isa = PBXContainerItemProxy;
			containerPortal = 941BB10F1F05DADC00F19A3E /* Project object */;
			proxyType = 1;
			remoteGlobalIDString = 941BB1161F05DADC00F19A3E;
			remoteInfo = AnQuanBaoV2;
		};
/* End PBXContainerItemProxy section */

/* Begin PBXFileReference section */
		37323A574C4A60A7D06954D9 /* Pods-AnQuanBaoV2UITests.release.xcconfig */ = {isa = PBXFileReference; includeInIndex = 1; lastKnownFileType = text.xcconfig; name = "Pods-AnQuanBaoV2UITests.release.xcconfig"; path = "Pods/Target Support Files/Pods-AnQuanBaoV2UITests/Pods-AnQuanBaoV2UITests.release.xcconfig"; sourceTree = "<group>"; };
		4A275B4F6BD82399672097DC /* Pods-AnQuanBaoV2.release.xcconfig */ = {isa = PBXFileReference; includeInIndex = 1; lastKnownFileType = text.xcconfig; name = "Pods-AnQuanBaoV2.release.xcconfig"; path = "Pods/Target Support Files/Pods-AnQuanBaoV2/Pods-AnQuanBaoV2.release.xcconfig"; sourceTree = "<group>"; };
		51292843E1AAB58CF0849752 /* Pods-AnQuanBaoV2.debug.xcconfig */ = {isa = PBXFileReference; includeInIndex = 1; lastKnownFileType = text.xcconfig; name = "Pods-AnQuanBaoV2.debug.xcconfig"; path = "Pods/Target Support Files/Pods-AnQuanBaoV2/Pods-AnQuanBaoV2.debug.xcconfig"; sourceTree = "<group>"; };
		69E839E9FA2A5EFF38133DBF /* Pods-AnQuanBaoV2UITests.debug.xcconfig */ = {isa = PBXFileReference; includeInIndex = 1; lastKnownFileType = text.xcconfig; name = "Pods-AnQuanBaoV2UITests.debug.xcconfig"; path = "Pods/Target Support Files/Pods-AnQuanBaoV2UITests/Pods-AnQuanBaoV2UITests.debug.xcconfig"; sourceTree = "<group>"; };
		805BA8C29DED0A659E302C00 /* libPods-AnQuanBaoV2UITests.a */ = {isa = PBXFileReference; explicitFileType = archive.ar; includeInIndex = 0; path = "libPods-AnQuanBaoV2UITests.a"; sourceTree = BUILT_PRODUCTS_DIR; };
		941BB1171F05DADC00F19A3E /* AnQuanBaoV2.app */ = {isa = PBXFileReference; explicitFileType = wrapper.application; includeInIndex = 0; path = AnQuanBaoV2.app; sourceTree = BUILT_PRODUCTS_DIR; };
		941BB11B1F05DADC00F19A3E /* main.m */ = {isa = PBXFileReference; lastKnownFileType = sourcecode.c.objc; path = main.m; sourceTree = "<group>"; };
		941BB11D1F05DADC00F19A3E /* AppDelegate.h */ = {isa = PBXFileReference; lastKnownFileType = sourcecode.c.h; path = AppDelegate.h; sourceTree = "<group>"; };
		941BB11E1F05DADC00F19A3E /* AppDelegate.mm */ = {isa = PBXFileReference; lastKnownFileType = sourcecode.cpp.objcpp; path = AppDelegate.mm; sourceTree = "<group>"; };
		941BB1201F05DADC00F19A3E /* ViewController.h */ = {isa = PBXFileReference; lastKnownFileType = sourcecode.c.h; path = ViewController.h; sourceTree = "<group>"; };
		941BB1211F05DADC00F19A3E /* ViewController.m */ = {isa = PBXFileReference; lastKnownFileType = sourcecode.c.objc; path = ViewController.m; sourceTree = "<group>"; };
		941BB1241F05DADC00F19A3E /* Base */ = {isa = PBXFileReference; lastKnownFileType = file.storyboard; name = Base; path = Base.lproj/Main.storyboard; sourceTree = "<group>"; };
		941BB1261F05DADC00F19A3E /* Assets.xcassets */ = {isa = PBXFileReference; lastKnownFileType = folder.assetcatalog; path = Assets.xcassets; sourceTree = "<group>"; };
		941BB1291F05DADC00F19A3E /* Base */ = {isa = PBXFileReference; lastKnownFileType = file.storyboard; name = Base; path = Base.lproj/LaunchScreen.storyboard; sourceTree = "<group>"; };
		941BB12B1F05DADC00F19A3E /* Info.plist */ = {isa = PBXFileReference; lastKnownFileType = text.plist.xml; path = Info.plist; sourceTree = "<group>"; };
		941BB1301F05DADC00F19A3E /* AnQuanBaoV2Tests.xctest */ = {isa = PBXFileReference; explicitFileType = wrapper.cfbundle; includeInIndex = 0; path = AnQuanBaoV2Tests.xctest; sourceTree = BUILT_PRODUCTS_DIR; };
		941BB1341F05DADC00F19A3E /* AnQuanBaoV2Tests.m */ = {isa = PBXFileReference; lastKnownFileType = sourcecode.c.objc; path = AnQuanBaoV2Tests.m; sourceTree = "<group>"; };
		941BB1361F05DADC00F19A3E /* Info.plist */ = {isa = PBXFileReference; lastKnownFileType = text.plist.xml; path = Info.plist; sourceTree = "<group>"; };
		941BB13B1F05DADC00F19A3E /* AnQuanBaoV2UITests.xctest */ = {isa = PBXFileReference; explicitFileType = wrapper.cfbundle; includeInIndex = 0; path = AnQuanBaoV2UITests.xctest; sourceTree = BUILT_PRODUCTS_DIR; };
		941BB13F1F05DADC00F19A3E /* AnQuanBaoV2UITests.m */ = {isa = PBXFileReference; lastKnownFileType = sourcecode.c.objc; path = AnQuanBaoV2UITests.m; sourceTree = "<group>"; };
		941BB1411F05DADC00F19A3E /* Info.plist */ = {isa = PBXFileReference; lastKnownFileType = text.plist.xml; path = Info.plist; sourceTree = "<group>"; };
		941BB14D1F05DB9B00F19A3E /* libcrypto.a */ = {isa = PBXFileReference; lastKnownFileType = archive.ar; name = libcrypto.a; path = "../Downloads/BaiduMap_IOSSDK_v3.3.0_All 2/BaiduMap_IOSSDK_v3.3.0_Sample/BMKOCDemo/BaiduMapAPI/thirdlibs/libcrypto.a"; sourceTree = "<group>"; };
		941BB14E1F05DB9B00F19A3E /* libssl.a */ = {isa = PBXFileReference; lastKnownFileType = archive.ar; name = libssl.a; path = "../Downloads/BaiduMap_IOSSDK_v3.3.0_All 2/BaiduMap_IOSSDK_v3.3.0_Sample/BMKOCDemo/BaiduMapAPI/thirdlibs/libssl.a"; sourceTree = "<group>"; };
		941BB1511F05DC3500F19A3E /* mapapi.bundle */ = {isa = PBXFileReference; lastKnownFileType = "wrapper.plug-in"; name = mapapi.bundle; path = "../Downloads/BaiduMap_IOSSDK_v3.3.0_All 2/BaiduMap_IOSSDK_v3.3.0_Sample/BMKOCDemo/mapapi.bundle"; sourceTree = "<group>"; };
		941BB1541F05DE2A00F19A3E /* CallPoliceView.xib */ = {isa = PBXFileReference; fileEncoding = 4; lastKnownFileType = file.xib; path = CallPoliceView.xib; sourceTree = "<group>"; };
		941BB1561F05DE4300F19A3E /* CallPoliceView.h */ = {isa = PBXFileReference; fileEncoding = 4; lastKnownFileType = sourcecode.c.h; path = CallPoliceView.h; sourceTree = "<group>"; };
		941BB1571F05DE4300F19A3E /* CallPoliceView.m */ = {isa = PBXFileReference; fileEncoding = 4; lastKnownFileType = sourcecode.c.objc; path = CallPoliceView.m; sourceTree = "<group>"; };
		941BB1591F0639C700F19A3E /* in.png */ = {isa = PBXFileReference; lastKnownFileType = image.png; path = in.png; sourceTree = "<group>"; };
		941BB15A1F0639C700F19A3E /* out.png */ = {isa = PBXFileReference; lastKnownFileType = image.png; path = out.png; sourceTree = "<group>"; };
		941BB15D1F063E4700F19A3E /* image.png */ = {isa = PBXFileReference; lastKnownFileType = image.png; path = image.png; sourceTree = "<group>"; };
		944BE9821F09CEF300873FE4 /* CompleteView.xib */ = {isa = PBXFileReference; fileEncoding = 4; lastKnownFileType = file.xib; path = CompleteView.xib; sourceTree = "<group>"; };
		944BE9841F09CF0E00873FE4 /* CompleteView.h */ = {isa = PBXFileReference; fileEncoding = 4; lastKnownFileType = sourcecode.c.h; path = CompleteView.h; sourceTree = "<group>"; };
		944BE9851F09CF0E00873FE4 /* CompleteView.m */ = {isa = PBXFileReference; fileEncoding = 4; lastKnownFileType = sourcecode.c.objc; path = CompleteView.m; sourceTree = "<group>"; };
		944BE9871F09D1F900873FE4 /* complete.png */ = {isa = PBXFileReference; lastKnownFileType = image.png; path = complete.png; sourceTree = "<group>"; };
		948700EF1F0A008700AF050C /* annotation.png */ = {isa = PBXFileReference; lastKnownFileType = image.png; path = annotation.png; sourceTree = "<group>"; };
		948700F11F0A389F00AF050C /* user1.png */ = {isa = PBXFileReference; lastKnownFileType = image.png; path = user1.png; sourceTree = "<group>"; };
		948700F51F0A50AB00AF050C /* MyViewController.h */ = {isa = PBXFileReference; fileEncoding = 4; lastKnownFileType = sourcecode.c.h; path = MyViewController.h; sourceTree = "<group>"; };
		948700F61F0A50AB00AF050C /* MyViewController.m */ = {isa = PBXFileReference; fileEncoding = 4; lastKnownFileType = sourcecode.c.objc; path = MyViewController.m; sourceTree = "<group>"; };
		948700F71F0A50AB00AF050C /* MyViewController.xib */ = {isa = PBXFileReference; fileEncoding = 4; lastKnownFileType = file.xib; path = MyViewController.xib; sourceTree = "<group>"; };
		948700FA1F0A56C400AF050C /* backbtn.png */ = {isa = PBXFileReference; lastKnownFileType = image.png; path = backbtn.png; sourceTree = "<group>"; };
		948700FB1F0A56C400AF050C /* redbtn.png */ = {isa = PBXFileReference; lastKnownFileType = image.png; path = redbtn.png; sourceTree = "<group>"; };
		948700FE1F0A693A00AF050C /* LoginViewController.h */ = {isa = PBXFileReference; fileEncoding = 4; lastKnownFileType = sourcecode.c.h; path = LoginViewController.h; sourceTree = "<group>"; };
		948700FF1F0A693A00AF050C /* LoginViewController.m */ = {isa = PBXFileReference; fileEncoding = 4; lastKnownFileType = sourcecode.c.objc; path = LoginViewController.m; sourceTree = "<group>"; };
		948701001F0A693A00AF050C /* LoginViewController.xib */ = {isa = PBXFileReference; fileEncoding = 4; lastKnownFileType = file.xib; path = LoginViewController.xib; sourceTree = "<group>"; };
		948701031F0A717B00AF050C /* btngray.png */ = {isa = PBXFileReference; lastKnownFileType = image.png; path = btngray.png; sourceTree = "<group>"; };
		948701041F0A717B00AF050C /* icon1.png */ = {isa = PBXFileReference; lastKnownFileType = image.png; path = icon1.png; sourceTree = "<group>"; };
		948701051F0A717B00AF050C /* line.png */ = {isa = PBXFileReference; lastKnownFileType = image.png; path = line.png; sourceTree = "<group>"; };
		949970931F0B19780060E69A /* btnorange.png */ = {isa = PBXFileReference; lastKnownFileType = image.png; path = btnorange.png; sourceTree = "<group>"; };
		949970951F0B31D90060E69A /* toast.png */ = {isa = PBXFileReference; lastKnownFileType = image.png; path = toast.png; sourceTree = "<group>"; };
		949970971F0B37FF0060E69A /* VCodeViewController.h */ = {isa = PBXFileReference; fileEncoding = 4; lastKnownFileType = sourcecode.c.h; path = VCodeViewController.h; sourceTree = "<group>"; };
		949970981F0B37FF0060E69A /* VCodeViewController.m */ = {isa = PBXFileReference; fileEncoding = 4; lastKnownFileType = sourcecode.c.objc; path = VCodeViewController.m; sourceTree = "<group>"; };
		949970991F0B37FF0060E69A /* VCodeViewController.xib */ = {isa = PBXFileReference; fileEncoding = 4; lastKnownFileType = file.xib; path = VCodeViewController.xib; sourceTree = "<group>"; };
		949970DB1F0B72B30060E69A /* ArrangePoliceView.xib */ = {isa = PBXFileReference; fileEncoding = 4; lastKnownFileType = file.xib; path = ArrangePoliceView.xib; sourceTree = "<group>"; };
		949970DD1F0B72C40060E69A /* ArrangePoliceView.h */ = {isa = PBXFileReference; fileEncoding = 4; lastKnownFileType = sourcecode.c.h; path = ArrangePoliceView.h; sourceTree = "<group>"; };
		949970DE1F0B72C40060E69A /* ArrangePoliceView.m */ = {isa = PBXFileReference; fileEncoding = 4; lastKnownFileType = sourcecode.c.objc; path = ArrangePoliceView.m; sourceTree = "<group>"; };
		949970E01F0B7E920060E69A /* FailedPoliceView.xib */ = {isa = PBXFileReference; fileEncoding = 4; lastKnownFileType = file.xib; path = FailedPoliceView.xib; sourceTree = "<group>"; };
		949970E21F0B7EB10060E69A /* FailedPoliceView.h */ = {isa = PBXFileReference; fileEncoding = 4; lastKnownFileType = sourcecode.c.h; path = FailedPoliceView.h; sourceTree = "<group>"; };
		949970E31F0B7EB10060E69A /* FailedPoliceView.m */ = {isa = PBXFileReference; fileEncoding = 4; lastKnownFileType = sourcecode.c.objc; path = FailedPoliceView.m; sourceTree = "<group>"; };
		949970E51F0B7FD80060E69A /* fail.png */ = {isa = PBXFileReference; lastKnownFileType = image.png; path = fail.png; sourceTree = "<group>"; };
		949970E71F0BA8570060E69A /* PrefixHeader.pch */ = {isa = PBXFileReference; lastKnownFileType = sourcecode.c.h; path = PrefixHeader.pch; sourceTree = "<group>"; };
		BD0481FDB12C9380AA30A45F /* libPods-AnQuanBaoV2.a */ = {isa = PBXFileReference; explicitFileType = archive.ar; includeInIndex = 0; path = "libPods-AnQuanBaoV2.a"; sourceTree = BUILT_PRODUCTS_DIR; };
		D9CD2B89D474C8370FC7A749 /* libPods-AnQuanBaoV2Tests.a */ = {isa = PBXFileReference; explicitFileType = archive.ar; includeInIndex = 0; path = "libPods-AnQuanBaoV2Tests.a"; sourceTree = BUILT_PRODUCTS_DIR; };
		E89FF21392A1995D159FE411 /* Pods-AnQuanBaoV2Tests.release.xcconfig */ = {isa = PBXFileReference; includeInIndex = 1; lastKnownFileType = text.xcconfig; name = "Pods-AnQuanBaoV2Tests.release.xcconfig"; path = "Pods/Target Support Files/Pods-AnQuanBaoV2Tests/Pods-AnQuanBaoV2Tests.release.xcconfig"; sourceTree = "<group>"; };
		F1DB51DEEABDF1EE1BCF2006 /* Pods-AnQuanBaoV2Tests.debug.xcconfig */ = {isa = PBXFileReference; includeInIndex = 1; lastKnownFileType = text.xcconfig; name = "Pods-AnQuanBaoV2Tests.debug.xcconfig"; path = "Pods/Target Support Files/Pods-AnQuanBaoV2Tests/Pods-AnQuanBaoV2Tests.debug.xcconfig"; sourceTree = "<group>"; };
/* End PBXFileReference section */

/* Begin PBXFrameworksBuildPhase section */
		941BB1141F05DADC00F19A3E /* Frameworks */ = {
			isa = PBXFrameworksBuildPhase;
			buildActionMask = 2147483647;
			files = (
				941BB14F1F05DB9B00F19A3E /* libcrypto.a in Frameworks */,
				941BB1501F05DB9B00F19A3E /* libssl.a in Frameworks */,
				303C1E2D6AC82972A7D5FC4C /* libPods-AnQuanBaoV2.a in Frameworks */,
			);
			runOnlyForDeploymentPostprocessing = 0;
		};
		941BB12D1F05DADC00F19A3E /* Frameworks */ = {
			isa = PBXFrameworksBuildPhase;
			buildActionMask = 2147483647;
			files = (
				FC46D1FE7CDF097E217124C7 /* libPods-AnQuanBaoV2Tests.a in Frameworks */,
			);
			runOnlyForDeploymentPostprocessing = 0;
		};
		941BB1381F05DADC00F19A3E /* Frameworks */ = {
			isa = PBXFrameworksBuildPhase;
			buildActionMask = 2147483647;
			files = (
				85DA3C9627FFB3284BEC06DC /* libPods-AnQuanBaoV2UITests.a in Frameworks */,
			);
			runOnlyForDeploymentPostprocessing = 0;
		};
/* End PBXFrameworksBuildPhase section */

/* Begin PBXGroup section */
		040BBAD952EF00392A83D03E /* Pods */ = {
			isa = PBXGroup;
			children = (
				51292843E1AAB58CF0849752 /* Pods-AnQuanBaoV2.debug.xcconfig */,
				4A275B4F6BD82399672097DC /* Pods-AnQuanBaoV2.release.xcconfig */,
				F1DB51DEEABDF1EE1BCF2006 /* Pods-AnQuanBaoV2Tests.debug.xcconfig */,
				E89FF21392A1995D159FE411 /* Pods-AnQuanBaoV2Tests.release.xcconfig */,
				69E839E9FA2A5EFF38133DBF /* Pods-AnQuanBaoV2UITests.debug.xcconfig */,
				37323A574C4A60A7D06954D9 /* Pods-AnQuanBaoV2UITests.release.xcconfig */,
			);
			name = Pods;
			sourceTree = "<group>";
		};
		941BB10E1F05DADC00F19A3E = {
			isa = PBXGroup;
			children = (
				941BB1531F05DC3D00F19A3E /* Resources */,
				941BB1191F05DADC00F19A3E /* AnQuanBaoV2 */,
				941BB1331F05DADC00F19A3E /* AnQuanBaoV2Tests */,
				941BB13E1F05DADC00F19A3E /* AnQuanBaoV2UITests */,
				941BB1181F05DADC00F19A3E /* Products */,
				040BBAD952EF00392A83D03E /* Pods */,
				CB2855C3ACA1A4244B388B82 /* Frameworks */,
			);
			sourceTree = "<group>";
		};
		941BB1181F05DADC00F19A3E /* Products */ = {
			isa = PBXGroup;
			children = (
				941BB1171F05DADC00F19A3E /* AnQuanBaoV2.app */,
				941BB1301F05DADC00F19A3E /* AnQuanBaoV2Tests.xctest */,
				941BB13B1F05DADC00F19A3E /* AnQuanBaoV2UITests.xctest */,
			);
			name = Products;
			sourceTree = "<group>";
		};
		941BB1191F05DADC00F19A3E /* AnQuanBaoV2 */ = {
			isa = PBXGroup;
			children = (
				941BB11D1F05DADC00F19A3E /* AppDelegate.h */,
				941BB11E1F05DADC00F19A3E /* AppDelegate.mm */,
				941BB1201F05DADC00F19A3E /* ViewController.h */,
				941BB1211F05DADC00F19A3E /* ViewController.m */,
				941BB1231F05DADC00F19A3E /* Main.storyboard */,
				941BB1261F05DADC00F19A3E /* Assets.xcassets */,
				941BB1281F05DADC00F19A3E /* LaunchScreen.storyboard */,
				941BB12B1F05DADC00F19A3E /* Info.plist */,
				941BB11A1F05DADC00F19A3E /* Supporting Files */,
				941BB1541F05DE2A00F19A3E /* CallPoliceView.xib */,
				941BB1561F05DE4300F19A3E /* CallPoliceView.h */,
				941BB1571F05DE4300F19A3E /* CallPoliceView.m */,
				944BE9821F09CEF300873FE4 /* CompleteView.xib */,
				944BE9841F09CF0E00873FE4 /* CompleteView.h */,
				944BE9851F09CF0E00873FE4 /* CompleteView.m */,
				948700F51F0A50AB00AF050C /* MyViewController.h */,
				948700F61F0A50AB00AF050C /* MyViewController.m */,
				948700F71F0A50AB00AF050C /* MyViewController.xib */,
				948700FE1F0A693A00AF050C /* LoginViewController.h */,
				948700FF1F0A693A00AF050C /* LoginViewController.m */,
				948701001F0A693A00AF050C /* LoginViewController.xib */,
				949970971F0B37FF0060E69A /* VCodeViewController.h */,
				949970981F0B37FF0060E69A /* VCodeViewController.m */,
				949970991F0B37FF0060E69A /* VCodeViewController.xib */,
				949970DB1F0B72B30060E69A /* ArrangePoliceView.xib */,
				949970DD1F0B72C40060E69A /* ArrangePoliceView.h */,
				949970DE1F0B72C40060E69A /* ArrangePoliceView.m */,
				949970E01F0B7E920060E69A /* FailedPoliceView.xib */,
				949970E21F0B7EB10060E69A /* FailedPoliceView.h */,
				949970E31F0B7EB10060E69A /* FailedPoliceView.m */,
			);
			path = AnQuanBaoV2;
			sourceTree = "<group>";
		};
		941BB11A1F05DADC00F19A3E /* Supporting Files */ = {
			isa = PBXGroup;
			children = (
				941BB11B1F05DADC00F19A3E /* main.m */,
				949970E71F0BA8570060E69A /* PrefixHeader.pch */,
			);
			name = "Supporting Files";
			sourceTree = "<group>";
		};
		941BB1331F05DADC00F19A3E /* AnQuanBaoV2Tests */ = {
			isa = PBXGroup;
			children = (
				941BB1341F05DADC00F19A3E /* AnQuanBaoV2Tests.m */,
				941BB1361F05DADC00F19A3E /* Info.plist */,
			);
			path = AnQuanBaoV2Tests;
			sourceTree = "<group>";
		};
		941BB13E1F05DADC00F19A3E /* AnQuanBaoV2UITests */ = {
			isa = PBXGroup;
			children = (
				941BB13F1F05DADC00F19A3E /* AnQuanBaoV2UITests.m */,
				941BB1411F05DADC00F19A3E /* Info.plist */,
			);
			path = AnQuanBaoV2UITests;
			sourceTree = "<group>";
		};
		941BB1531F05DC3D00F19A3E /* Resources */ = {
			isa = PBXGroup;
			children = (
				949970E51F0B7FD80060E69A /* fail.png */,
				949970951F0B31D90060E69A /* toast.png */,
				949970931F0B19780060E69A /* btnorange.png */,
				948701031F0A717B00AF050C /* btngray.png */,
				948701041F0A717B00AF050C /* icon1.png */,
				948701051F0A717B00AF050C /* line.png */,
				948700FA1F0A56C400AF050C /* backbtn.png */,
				948700FB1F0A56C400AF050C /* redbtn.png */,
				948700F11F0A389F00AF050C /* user1.png */,
				948700EF1F0A008700AF050C /* annotation.png */,
				944BE9871F09D1F900873FE4 /* complete.png */,
				941BB15D1F063E4700F19A3E /* image.png */,
				941BB1591F0639C700F19A3E /* in.png */,
				941BB15A1F0639C700F19A3E /* out.png */,
				941BB1511F05DC3500F19A3E /* mapapi.bundle */,
			);
			name = Resources;
			sourceTree = "<group>";
		};
		CB2855C3ACA1A4244B388B82 /* Frameworks */ = {
			isa = PBXGroup;
			children = (
				941BB14D1F05DB9B00F19A3E /* libcrypto.a */,
				941BB14E1F05DB9B00F19A3E /* libssl.a */,
				BD0481FDB12C9380AA30A45F /* libPods-AnQuanBaoV2.a */,
				D9CD2B89D474C8370FC7A749 /* libPods-AnQuanBaoV2Tests.a */,
				805BA8C29DED0A659E302C00 /* libPods-AnQuanBaoV2UITests.a */,
			);
			name = Frameworks;
			sourceTree = "<group>";
		};
/* End PBXGroup section */

/* Begin PBXNativeTarget section */
		941BB1161F05DADC00F19A3E /* AnQuanBaoV2 */ = {
			isa = PBXNativeTarget;
			buildConfigurationList = 941BB1441F05DADC00F19A3E /* Build configuration list for PBXNativeTarget "AnQuanBaoV2" */;
			buildPhases = (
				771508E54FFE16352150395E /* [CP] Check Pods Manifest.lock */,
				941BB1131F05DADC00F19A3E /* Sources */,
				941BB1141F05DADC00F19A3E /* Frameworks */,
				941BB1151F05DADC00F19A3E /* Resources */,
				71A8A55BE7869143AB92AE71 /* [CP] Embed Pods Frameworks */,
				DB72E88EF9D588EAC851E6B3 /* [CP] Copy Pods Resources */,
			);
			buildRules = (
			);
			dependencies = (
			);
			name = AnQuanBaoV2;
			productName = AnQuanBaoV2;
			productReference = 941BB1171F05DADC00F19A3E /* AnQuanBaoV2.app */;
			productType = "com.apple.product-type.application";
		};
		941BB12F1F05DADC00F19A3E /* AnQuanBaoV2Tests */ = {
			isa = PBXNativeTarget;
			buildConfigurationList = 941BB1471F05DADC00F19A3E /* Build configuration list for PBXNativeTarget "AnQuanBaoV2Tests" */;
			buildPhases = (
				F06EDE21DD8C682F98CC626B /* [CP] Check Pods Manifest.lock */,
				941BB12C1F05DADC00F19A3E /* Sources */,
				941BB12D1F05DADC00F19A3E /* Frameworks */,
				941BB12E1F05DADC00F19A3E /* Resources */,
				6F1B1835957A6737482CA7A6 /* [CP] Embed Pods Frameworks */,
				E07DCD31419136ADE8B27F59 /* [CP] Copy Pods Resources */,
			);
			buildRules = (
			);
			dependencies = (
				941BB1321F05DADC00F19A3E /* PBXTargetDependency */,
			);
			name = AnQuanBaoV2Tests;
			productName = AnQuanBaoV2Tests;
			productReference = 941BB1301F05DADC00F19A3E /* AnQuanBaoV2Tests.xctest */;
			productType = "com.apple.product-type.bundle.unit-test";
		};
		941BB13A1F05DADC00F19A3E /* AnQuanBaoV2UITests */ = {
			isa = PBXNativeTarget;
			buildConfigurationList = 941BB14A1F05DADC00F19A3E /* Build configuration list for PBXNativeTarget "AnQuanBaoV2UITests" */;
			buildPhases = (
				E16DD2160BD7E7F980C189F0 /* [CP] Check Pods Manifest.lock */,
				941BB1371F05DADC00F19A3E /* Sources */,
				941BB1381F05DADC00F19A3E /* Frameworks */,
				941BB1391F05DADC00F19A3E /* Resources */,
				32F2DB05F6C4A7E25EDB365F /* [CP] Embed Pods Frameworks */,
				89CED344CDD71D9303CF0DB5 /* [CP] Copy Pods Resources */,
			);
			buildRules = (
			);
			dependencies = (
				941BB13D1F05DADC00F19A3E /* PBXTargetDependency */,
			);
			name = AnQuanBaoV2UITests;
			productName = AnQuanBaoV2UITests;
			productReference = 941BB13B1F05DADC00F19A3E /* AnQuanBaoV2UITests.xctest */;
			productType = "com.apple.product-type.bundle.ui-testing";
		};
/* End PBXNativeTarget section */

/* Begin PBXProject section */
		941BB10F1F05DADC00F19A3E /* Project object */ = {
			isa = PBXProject;
			attributes = {
				LastUpgradeCheck = 0830;
				ORGANIZATIONNAME = yyfwptz;
				TargetAttributes = {
					941BB1161F05DADC00F19A3E = {
						CreatedOnToolsVersion = 8.3.2;
						DevelopmentTeam = EG38A8CGS3;
						ProvisioningStyle = Automatic;
					};
					941BB12F1F05DADC00F19A3E = {
						CreatedOnToolsVersion = 8.3.2;
						DevelopmentTeam = EG38A8CGS3;
						ProvisioningStyle = Automatic;
						TestTargetID = 941BB1161F05DADC00F19A3E;
					};
					941BB13A1F05DADC00F19A3E = {
						CreatedOnToolsVersion = 8.3.2;
						DevelopmentTeam = EG38A8CGS3;
						ProvisioningStyle = Automatic;
						TestTargetID = 941BB1161F05DADC00F19A3E;
					};
				};
			};
			buildConfigurationList = 941BB1121F05DADC00F19A3E /* Build configuration list for PBXProject "AnQuanBaoV2" */;
			compatibilityVersion = "Xcode 3.2";
			developmentRegion = English;
			hasScannedForEncodings = 0;
			knownRegions = (
				en,
				Base,
			);
			mainGroup = 941BB10E1F05DADC00F19A3E;
			productRefGroup = 941BB1181F05DADC00F19A3E /* Products */;
			projectDirPath = "";
			projectRoot = "";
			targets = (
				941BB1161F05DADC00F19A3E /* AnQuanBaoV2 */,
				941BB12F1F05DADC00F19A3E /* AnQuanBaoV2Tests */,
				941BB13A1F05DADC00F19A3E /* AnQuanBaoV2UITests */,
			);
		};
/* End PBXProject section */

/* Begin PBXResourcesBuildPhase section */
		941BB1151F05DADC00F19A3E /* Resources */ = {
			isa = PBXResourcesBuildPhase;
			buildActionMask = 2147483647;
			files = (
				949970941F0B19780060E69A /* btnorange.png in Resources */,
				948701021F0A693A00AF050C /* LoginViewController.xib in Resources */,
				941BB12A1F05DADC00F19A3E /* LaunchScreen.storyboard in Resources */,
				948701071F0A717B00AF050C /* icon1.png in Resources */,
				948701061F0A717B00AF050C /* btngray.png in Resources */,
				949970DC1F0B72B30060E69A /* ArrangePoliceView.xib in Resources */,
				949970961F0B31D90060E69A /* toast.png in Resources */,
				944BE9831F09CEF300873FE4 /* CompleteView.xib in Resources */,
				948700F21F0A389F00AF050C /* user1.png in Resources */,
				941BB1521F05DC3500F19A3E /* mapapi.bundle in Resources */,
				941BB15B1F0639C700F19A3E /* in.png in Resources */,
				949970E61F0B7FD80060E69A /* fail.png in Resources */,
				948700FD1F0A56C400AF050C /* redbtn.png in Resources */,
				941BB1271F05DADC00F19A3E /* Assets.xcassets in Resources */,
				948700F91F0A50AB00AF050C /* MyViewController.xib in Resources */,
				941BB15C1F0639C700F19A3E /* out.png in Resources */,
				948701081F0A717B00AF050C /* line.png in Resources */,
				944BE9881F09D1F900873FE4 /* complete.png in Resources */,
				949970E11F0B7E920060E69A /* FailedPoliceView.xib in Resources */,
				948700F01F0A008700AF050C /* annotation.png in Resources */,
				941BB1251F05DADC00F19A3E /* Main.storyboard in Resources */,
				948700FC1F0A56C400AF050C /* backbtn.png in Resources */,
				941BB1551F05DE2A00F19A3E /* CallPoliceView.xib in Resources */,
				9499709B1F0B37FF0060E69A /* VCodeViewController.xib in Resources */,
				941BB15E1F063E4700F19A3E /* image.png in Resources */,
			);
			runOnlyForDeploymentPostprocessing = 0;
		};
		941BB12E1F05DADC00F19A3E /* Resources */ = {
			isa = PBXResourcesBuildPhase;
			buildActionMask = 2147483647;
			files = (
			);
			runOnlyForDeploymentPostprocessing = 0;
		};
		941BB1391F05DADC00F19A3E /* Resources */ = {
			isa = PBXResourcesBuildPhase;
			buildActionMask = 2147483647;
			files = (
			);
			runOnlyForDeploymentPostprocessing = 0;
		};
/* End PBXResourcesBuildPhase section */

/* Begin PBXShellScriptBuildPhase section */
		32F2DB05F6C4A7E25EDB365F /* [CP] Embed Pods Frameworks */ = {
			isa = PBXShellScriptBuildPhase;
			buildActionMask = 2147483647;
			files = (
			);
			inputPaths = (
			);
			name = "[CP] Embed Pods Frameworks";
			outputPaths = (
			);
			runOnlyForDeploymentPostprocessing = 0;
			shellPath = /bin/sh;
			shellScript = "\"${SRCROOT}/Pods/Target Support Files/Pods-AnQuanBaoV2UITests/Pods-AnQuanBaoV2UITests-frameworks.sh\"\n";
			showEnvVarsInLog = 0;
		};
		6F1B1835957A6737482CA7A6 /* [CP] Embed Pods Frameworks */ = {
			isa = PBXShellScriptBuildPhase;
			buildActionMask = 2147483647;
			files = (
			);
			inputPaths = (
			);
			name = "[CP] Embed Pods Frameworks";
			outputPaths = (
			);
			runOnlyForDeploymentPostprocessing = 0;
			shellPath = /bin/sh;
			shellScript = "\"${SRCROOT}/Pods/Target Support Files/Pods-AnQuanBaoV2Tests/Pods-AnQuanBaoV2Tests-frameworks.sh\"\n";
			showEnvVarsInLog = 0;
		};
		71A8A55BE7869143AB92AE71 /* [CP] Embed Pods Frameworks */ = {
			isa = PBXShellScriptBuildPhase;
			buildActionMask = 2147483647;
			files = (
			);
			inputPaths = (
			);
			name = "[CP] Embed Pods Frameworks";
			outputPaths = (
			);
			runOnlyForDeploymentPostprocessing = 0;
			shellPath = /bin/sh;
			shellScript = "\"${SRCROOT}/Pods/Target Support Files/Pods-AnQuanBaoV2/Pods-AnQuanBaoV2-frameworks.sh\"\n";
			showEnvVarsInLog = 0;
		};
		771508E54FFE16352150395E /* [CP] Check Pods Manifest.lock */ = {
			isa = PBXShellScriptBuildPhase;
			buildActionMask = 2147483647;
			files = (
			);
			inputPaths = (
			);
			name = "[CP] Check Pods Manifest.lock";
			outputPaths = (
			);
			runOnlyForDeploymentPostprocessing = 0;
			shellPath = /bin/sh;
			shellScript = "diff \"${PODS_PODFILE_DIR_PATH}/Podfile.lock\" \"${PODS_ROOT}/Manifest.lock\" > /dev/null\nif [ $? != 0 ] ; then\n    # print error to STDERR\n    echo \"error: The sandbox is not in sync with the Podfile.lock. Run 'pod install' or update your CocoaPods installation.\" >&2\n    exit 1\nfi\n";
			showEnvVarsInLog = 0;
		};
		89CED344CDD71D9303CF0DB5 /* [CP] Copy Pods Resources */ = {
			isa = PBXShellScriptBuildPhase;
			buildActionMask = 2147483647;
			files = (
			);
			inputPaths = (
			);
			name = "[CP] Copy Pods Resources";
			outputPaths = (
			);
			runOnlyForDeploymentPostprocessing = 0;
			shellPath = /bin/sh;
			shellScript = "\"${SRCROOT}/Pods/Target Support Files/Pods-AnQuanBaoV2UITests/Pods-AnQuanBaoV2UITests-resources.sh\"\n";
			showEnvVarsInLog = 0;
		};
		DB72E88EF9D588EAC851E6B3 /* [CP] Copy Pods Resources */ = {
			isa = PBXShellScriptBuildPhase;
			buildActionMask = 2147483647;
			files = (
			);
			inputPaths = (
			);
			name = "[CP] Copy Pods Resources";
			outputPaths = (
			);
			runOnlyForDeploymentPostprocessing = 0;
			shellPath = /bin/sh;
			shellScript = "\"${SRCROOT}/Pods/Target Support Files/Pods-AnQuanBaoV2/Pods-AnQuanBaoV2-resources.sh\"\n";
			showEnvVarsInLog = 0;
		};
		E07DCD31419136ADE8B27F59 /* [CP] Copy Pods Resources */ = {
			isa = PBXShellScriptBuildPhase;
			buildActionMask = 2147483647;
			files = (
			);
			inputPaths = (
			);
			name = "[CP] Copy Pods Resources";
			outputPaths = (
			);
			runOnlyForDeploymentPostprocessing = 0;
			shellPath = /bin/sh;
			shellScript = "\"${SRCROOT}/Pods/Target Support Files/Pods-AnQuanBaoV2Tests/Pods-AnQuanBaoV2Tests-resources.sh\"\n";
			showEnvVarsInLog = 0;
		};
		E16DD2160BD7E7F980C189F0 /* [CP] Check Pods Manifest.lock */ = {
			isa = PBXShellScriptBuildPhase;
			buildActionMask = 2147483647;
			files = (
			);
			inputPaths = (
			);
			name = "[CP] Check Pods Manifest.lock";
			outputPaths = (
			);
			runOnlyForDeploymentPostprocessing = 0;
			shellPath = /bin/sh;
			shellScript = "diff \"${PODS_PODFILE_DIR_PATH}/Podfile.lock\" \"${PODS_ROOT}/Manifest.lock\" > /dev/null\nif [ $? != 0 ] ; then\n    # print error to STDERR\n    echo \"error: The sandbox is not in sync with the Podfile.lock. Run 'pod install' or update your CocoaPods installation.\" >&2\n    exit 1\nfi\n";
			showEnvVarsInLog = 0;
		};
		F06EDE21DD8C682F98CC626B /* [CP] Check Pods Manifest.lock */ = {
			isa = PBXShellScriptBuildPhase;
			buildActionMask = 2147483647;
			files = (
			);
			inputPaths = (
			);
			name = "[CP] Check Pods Manifest.lock";
			outputPaths = (
			);
			runOnlyForDeploymentPostprocessing = 0;
			shellPath = /bin/sh;
			shellScript = "diff \"${PODS_PODFILE_DIR_PATH}/Podfile.lock\" \"${PODS_ROOT}/Manifest.lock\" > /dev/null\nif [ $? != 0 ] ; then\n    # print error to STDERR\n    echo \"error: The sandbox is not in sync with the Podfile.lock. Run 'pod install' or update your CocoaPods installation.\" >&2\n    exit 1\nfi\n";
			showEnvVarsInLog = 0;
		};
/* End PBXShellScriptBuildPhase section */

/* Begin PBXSourcesBuildPhase section */
		941BB1131F05DADC00F19A3E /* Sources */ = {
			isa = PBXSourcesBuildPhase;
			buildActionMask = 2147483647;
			files = (
				9499709A1F0B37FF0060E69A /* VCodeViewController.m in Sources */,
				944BE9861F09CF0E00873FE4 /* CompleteView.m in Sources */,
				948700F81F0A50AB00AF050C /* MyViewController.m in Sources */,
				941BB1221F05DADC00F19A3E /* ViewController.m in Sources */,
				941BB11F1F05DADC00F19A3E /* AppDelegate.mm in Sources */,
				948701011F0A693A00AF050C /* LoginViewController.m in Sources */,
				949970DF1F0B72C40060E69A /* ArrangePoliceView.m in Sources */,
				949970E41F0B7EB10060E69A /* FailedPoliceView.m in Sources */,
				941BB1581F05DE4300F19A3E /* CallPoliceView.m in Sources */,
				941BB11C1F05DADC00F19A3E /* main.m in Sources */,
			);
			runOnlyForDeploymentPostprocessing = 0;
		};
		941BB12C1F05DADC00F19A3E /* Sources */ = {
			isa = PBXSourcesBuildPhase;
			buildActionMask = 2147483647;
			files = (
				941BB1351F05DADC00F19A3E /* AnQuanBaoV2Tests.m in Sources */,
			);
			runOnlyForDeploymentPostprocessing = 0;
		};
		941BB1371F05DADC00F19A3E /* Sources */ = {
			isa = PBXSourcesBuildPhase;
			buildActionMask = 2147483647;
			files = (
				941BB1401F05DADC00F19A3E /* AnQuanBaoV2UITests.m in Sources */,
			);
			runOnlyForDeploymentPostprocessing = 0;
		};
/* End PBXSourcesBuildPhase section */

/* Begin PBXTargetDependency section */
		941BB1321F05DADC00F19A3E /* PBXTargetDependency */ = {
			isa = PBXTargetDependency;
			target = 941BB1161F05DADC00F19A3E /* AnQuanBaoV2 */;
			targetProxy = 941BB1311F05DADC00F19A3E /* PBXContainerItemProxy */;
		};
		941BB13D1F05DADC00F19A3E /* PBXTargetDependency */ = {
			isa = PBXTargetDependency;
			target = 941BB1161F05DADC00F19A3E /* AnQuanBaoV2 */;
			targetProxy = 941BB13C1F05DADC00F19A3E /* PBXContainerItemProxy */;
		};
/* End PBXTargetDependency section */

/* Begin PBXVariantGroup section */
		941BB1231F05DADC00F19A3E /* Main.storyboard */ = {
			isa = PBXVariantGroup;
			children = (
				941BB1241F05DADC00F19A3E /* Base */,
			);
			name = Main.storyboard;
			sourceTree = "<group>";
		};
		941BB1281F05DADC00F19A3E /* LaunchScreen.storyboard */ = {
			isa = PBXVariantGroup;
			children = (
				941BB1291F05DADC00F19A3E /* Base */,
			);
			name = LaunchScreen.storyboard;
			sourceTree = "<group>";
		};
/* End PBXVariantGroup section */

/* Begin XCBuildConfiguration section */
		941BB1421F05DADC00F19A3E /* Debug */ = {
			isa = XCBuildConfiguration;
			buildSettings = {
				ALWAYS_SEARCH_USER_PATHS = NO;
				CLANG_ANALYZER_NONNULL = YES;
				CLANG_ANALYZER_NUMBER_OBJECT_CONVERSION = YES_AGGRESSIVE;
				CLANG_CXX_LANGUAGE_STANDARD = "gnu++0x";
				CLANG_CXX_LIBRARY = "libc++";
				CLANG_ENABLE_MODULES = YES;
				CLANG_ENABLE_OBJC_ARC = YES;
				CLANG_WARN_BOOL_CONVERSION = YES;
				CLANG_WARN_CONSTANT_CONVERSION = YES;
				CLANG_WARN_DIRECT_OBJC_ISA_USAGE = YES_ERROR;
				CLANG_WARN_DOCUMENTATION_COMMENTS = YES;
				CLANG_WARN_EMPTY_BODY = YES;
				CLANG_WARN_ENUM_CONVERSION = YES;
				CLANG_WARN_INFINITE_RECURSION = YES;
				CLANG_WARN_INT_CONVERSION = YES;
				CLANG_WARN_OBJC_ROOT_CLASS = YES_ERROR;
				CLANG_WARN_SUSPICIOUS_MOVE = YES;
				CLANG_WARN_UNREACHABLE_CODE = YES;
				CLANG_WARN__DUPLICATE_METHOD_MATCH = YES;
				"CODE_SIGN_IDENTITY[sdk=iphoneos*]" = "iPhone Developer";
				COPY_PHASE_STRIP = NO;
				DEBUG_INFORMATION_FORMAT = dwarf;
				ENABLE_STRICT_OBJC_MSGSEND = YES;
				ENABLE_TESTABILITY = YES;
				GCC_C_LANGUAGE_STANDARD = gnu99;
				GCC_DYNAMIC_NO_PIC = NO;
				GCC_NO_COMMON_BLOCKS = YES;
				GCC_OPTIMIZATION_LEVEL = 0;
				GCC_PREPROCESSOR_DEFINITIONS = (
					"DEBUG=1",
					"$(inherited)",
				);
				GCC_WARN_64_TO_32_BIT_CONVERSION = YES;
				GCC_WARN_ABOUT_RETURN_TYPE = YES_ERROR;
				GCC_WARN_UNDECLARED_SELECTOR = YES;
				GCC_WARN_UNINITIALIZED_AUTOS = YES_AGGRESSIVE;
				GCC_WARN_UNUSED_FUNCTION = YES;
				GCC_WARN_UNUSED_VARIABLE = YES;
				IPHONEOS_DEPLOYMENT_TARGET = 10.3;
				MTL_ENABLE_DEBUG_INFO = YES;
				ONLY_ACTIVE_ARCH = YES;
				SDKROOT = iphoneos;
				TARGETED_DEVICE_FAMILY = "1,2";
			};
			name = Debug;
		};
		941BB1431F05DADC00F19A3E /* Release */ = {
			isa = XCBuildConfiguration;
			buildSettings = {
				ALWAYS_SEARCH_USER_PATHS = NO;
				CLANG_ANALYZER_NONNULL = YES;
				CLANG_ANALYZER_NUMBER_OBJECT_CONVERSION = YES_AGGRESSIVE;
				CLANG_CXX_LANGUAGE_STANDARD = "gnu++0x";
				CLANG_CXX_LIBRARY = "libc++";
				CLANG_ENABLE_MODULES = YES;
				CLANG_ENABLE_OBJC_ARC = YES;
				CLANG_WARN_BOOL_CONVERSION = YES;
				CLANG_WARN_CONSTANT_CONVERSION = YES;
				CLANG_WARN_DIRECT_OBJC_ISA_USAGE = YES_ERROR;
				CLANG_WARN_DOCUMENTATION_COMMENTS = YES;
				CLANG_WARN_EMPTY_BODY = YES;
				CLANG_WARN_ENUM_CONVERSION = YES;
				CLANG_WARN_INFINITE_RECURSION = YES;
				CLANG_WARN_INT_CONVERSION = YES;
				CLANG_WARN_OBJC_ROOT_CLASS = YES_ERROR;
				CLANG_WARN_SUSPICIOUS_MOVE = YES;
				CLANG_WARN_UNREACHABLE_CODE = YES;
				CLANG_WARN__DUPLICATE_METHOD_MATCH = YES;
				"CODE_SIGN_IDENTITY[sdk=iphoneos*]" = "iPhone Developer";
				COPY_PHASE_STRIP = NO;
				DEBUG_INFORMATION_FORMAT = "dwarf-with-dsym";
				ENABLE_NS_ASSERTIONS = NO;
				ENABLE_STRICT_OBJC_MSGSEND = YES;
				GCC_C_LANGUAGE_STANDARD = gnu99;
				GCC_NO_COMMON_BLOCKS = YES;
				GCC_WARN_64_TO_32_BIT_CONVERSION = YES;
				GCC_WARN_ABOUT_RETURN_TYPE = YES_ERROR;
				GCC_WARN_UNDECLARED_SELECTOR = YES;
				GCC_WARN_UNINITIALIZED_AUTOS = YES_AGGRESSIVE;
				GCC_WARN_UNUSED_FUNCTION = YES;
				GCC_WARN_UNUSED_VARIABLE = YES;
				IPHONEOS_DEPLOYMENT_TARGET = 10.3;
				MTL_ENABLE_DEBUG_INFO = NO;
				SDKROOT = iphoneos;
				TARGETED_DEVICE_FAMILY = "1,2";
				VALIDATE_PRODUCT = YES;
			};
			name = Release;
		};
		941BB1451F05DADC00F19A3E /* Debug */ = {
			isa = XCBuildConfiguration;
			baseConfigurationReference = 51292843E1AAB58CF0849752 /* Pods-AnQuanBaoV2.debug.xcconfig */;
			buildSettings = {
				ASSETCATALOG_COMPILER_APPICON_NAME = AppIcon;
				DEVELOPMENT_TEAM = EG38A8CGS3;
				GCC_PREFIX_HEADER = "$(SRCROOT)/AnQuanBaoV2/PrefixHeader.pch";
				INFOPLIST_FILE = AnQuanBaoV2/Info.plist;
				LD_RUNPATH_SEARCH_PATHS = "$(inherited) @executable_path/Frameworks";
				PRODUCT_BUNDLE_IDENTIFIER = com.cgwx.lixiang.AnQuanBaoV2;
				PRODUCT_NAME = "$(TARGET_NAME)";
			};
			name = Debug;
		};
		941BB1461F05DADC00F19A3E /* Release */ = {
			isa = XCBuildConfiguration;
			baseConfigurationReference = 4A275B4F6BD82399672097DC /* Pods-AnQuanBaoV2.release.xcconfig */;
			buildSettings = {
				ASSETCATALOG_COMPILER_APPICON_NAME = AppIcon;
				DEVELOPMENT_TEAM = EG38A8CGS3;
				GCC_PREFIX_HEADER = "$(SRCROOT)/AnQuanBaoV2/PrefixHeader.pch";
				INFOPLIST_FILE = AnQuanBaoV2/Info.plist;
				LD_RUNPATH_SEARCH_PATHS = "$(inherited) @executable_path/Frameworks";
				PRODUCT_BUNDLE_IDENTIFIER = com.cgwx.lixiang.AnQuanBaoV2;
				PRODUCT_NAME = "$(TARGET_NAME)";
			};
			name = Release;
		};
		941BB1481F05DADC00F19A3E /* Debug */ = {
			isa = XCBuildConfiguration;
			baseConfigurationReference = F1DB51DEEABDF1EE1BCF2006 /* Pods-AnQuanBaoV2Tests.debug.xcconfig */;
			buildSettings = {
				BUNDLE_LOADER = "$(TEST_HOST)";
				DEVELOPMENT_TEAM = EG38A8CGS3;
				INFOPLIST_FILE = AnQuanBaoV2Tests/Info.plist;
				LD_RUNPATH_SEARCH_PATHS = "$(inherited) @executable_path/Frameworks @loader_path/Frameworks";
				PRODUCT_BUNDLE_IDENTIFIER = com.cgwx.lixiang.test.AnQuanBaoV2Tests;
				PRODUCT_NAME = "$(TARGET_NAME)";
				TEST_HOST = "$(BUILT_PRODUCTS_DIR)/AnQuanBaoV2.app/AnQuanBaoV2";
			};
			name = Debug;
		};
		941BB1491F05DADC00F19A3E /* Release */ = {
			isa = XCBuildConfiguration;
			baseConfigurationReference = E89FF21392A1995D159FE411 /* Pods-AnQuanBaoV2Tests.release.xcconfig */;
			buildSettings = {
				BUNDLE_LOADER = "$(TEST_HOST)";
				DEVELOPMENT_TEAM = EG38A8CGS3;
				INFOPLIST_FILE = AnQuanBaoV2Tests/Info.plist;
				LD_RUNPATH_SEARCH_PATHS = "$(inherited) @executable_path/Frameworks @loader_path/Frameworks";
				PRODUCT_BUNDLE_IDENTIFIER = com.cgwx.lixiang.test.AnQuanBaoV2Tests;
				PRODUCT_NAME = "$(TARGET_NAME)";
				TEST_HOST = "$(BUILT_PRODUCTS_DIR)/AnQuanBaoV2.app/AnQuanBaoV2";
			};
			name = Release;
		};
		941BB14B1F05DADC00F19A3E /* Debug */ = {
			isa = XCBuildConfiguration;
			baseConfigurationReference = 69E839E9FA2A5EFF38133DBF /* Pods-AnQuanBaoV2UITests.debug.xcconfig */;
			buildSettings = {
				DEVELOPMENT_TEAM = EG38A8CGS3;
				INFOPLIST_FILE = AnQuanBaoV2UITests/Info.plist;
				LD_RUNPATH_SEARCH_PATHS = "$(inherited) @executable_path/Frameworks @loader_path/Frameworks";
				PRODUCT_BUNDLE_IDENTIFIER = com.cgwx.lixiang.test.AnQuanBaoV2UITests;
				PRODUCT_NAME = "$(TARGET_NAME)";
				TEST_TARGET_NAME = AnQuanBaoV2;
			};
			name = Debug;
		};
		941BB14C1F05DADC00F19A3E /* Release */ = {
			isa = XCBuildConfiguration;
			baseConfigurationReference = 37323A574C4A60A7D06954D9 /* Pods-AnQuanBaoV2UITests.release.xcconfig */;
			buildSettings = {
				DEVELOPMENT_TEAM = EG38A8CGS3;
				INFOPLIST_FILE = AnQuanBaoV2UITests/Info.plist;
				LD_RUNPATH_SEARCH_PATHS = "$(inherited) @executable_path/Frameworks @loader_path/Frameworks";
				PRODUCT_BUNDLE_IDENTIFIER = com.cgwx.lixiang.test.AnQuanBaoV2UITests;
				PRODUCT_NAME = "$(TARGET_NAME)";
				TEST_TARGET_NAME = AnQuanBaoV2;
			};
			name = Release;
		};
/* End XCBuildConfiguration section */

/* Begin XCConfigurationList section */
		941BB1121F05DADC00F19A3E /* Build configuration list for PBXProject "AnQuanBaoV2" */ = {
			isa = XCConfigurationList;
			buildConfigurations = (
				941BB1421F05DADC00F19A3E /* Debug */,
				941BB1431F05DADC00F19A3E /* Release */,
			);
			defaultConfigurationIsVisible = 0;
			defaultConfigurationName = Release;
		};
		941BB1441F05DADC00F19A3E /* Build configuration list for PBXNativeTarget "AnQuanBaoV2" */ = {
			isa = XCConfigurationList;
			buildConfigurations = (
				941BB1451F05DADC00F19A3E /* Debug */,
				941BB1461F05DADC00F19A3E /* Release */,
			);
			defaultConfigurationIsVisible = 0;
			defaultConfigurationName = Release;
		};
		941BB1471F05DADC00F19A3E /* Build configuration list for PBXNativeTarget "AnQuanBaoV2Tests" */ = {
			isa = XCConfigurationList;
			buildConfigurations = (
				941BB1481F05DADC00F19A3E /* Debug */,
				941BB1491F05DADC00F19A3E /* Release */,
			);
			defaultConfigurationIsVisible = 0;
			defaultConfigurationName = Release;
		};
		941BB14A1F05DADC00F19A3E /* Build configuration list for PBXNativeTarget "AnQuanBaoV2UITests" */ = {
			isa = XCConfigurationList;
			buildConfigurations = (
				941BB14B1F05DADC00F19A3E /* Debug */,
				941BB14C1F05DADC00F19A3E /* Release */,
			);
			defaultConfigurationIsVisible = 0;
			defaultConfigurationName = Release;
		};
/* End XCConfigurationList section */
	};
	rootObject = 941BB10F1F05DADC00F19A3E /* Project object */;
}
